{
  "name": "hik-gige-camera",
  "version": "1.0.0",
  "lockfileVersion": 3,
  "requires": true,
  "packages": {
    "": {
      "name": "hik-gige-camera",
      "version": "1.0.0",
      "cpu": [
        "x64",
        "arm64"
      ],
      "license": "MIT",
      "os": [
        "darwin",
        "win32",
        "linux"
      ],
      "dependencies": {
        "koffi": "^2.14.1"
      },
      "engines": {
        "node": ">=18"
      }
    },
    "node_modules/koffi": {
      "version": "2.15.6",
      "resolved": "https://registry.npmmirror.com/koffi/-/koffi-2.15.6.tgz",
      "integrity": "sha512-WQBpM5uo74UQ17UpsFN+PUOrQQg4/nYdey4SGVluQun2drYYfePziLLWdSmFb4wSdWlJC1aimXQnjhPCheRKuw==",
      "hasInstallScript": true,
      "license": "MIT",
      "funding": {
        "url": "https://liberapay.com/Koromix"
      }
    }
  }
}
